
Microsoft Visual Studio Solution File, Format Version 12.00
# Visual Studio Version 16
VisualStudioVersion = 16.0.29613.14
MinimumVisualStudioVersion = 10.0.40219.1
Project("{FAE04EC0-301F-11D3-BF4B-00C04F79EFBC}") = "LogicalProgramming", "LogicalProgramming\LogicalProgramming.csproj", "{AA1FBE29-70B5-4CDE-8432-FEA64B338941}"
EndProject
Global
	GlobalSection(SolutionConfigurationPlatforms) = preSolution
		Debug|Any CPU = Debug|Any CPU
		Release|Any CPU = Release|Any CPU
	EndGlobalSection
	GlobalSection(ProjectConfigurationPlatforms) = postSolution
		{AA1FBE29-70B5-4CDE-8432-FEA64B338941}.Debug|Any CPU.ActiveCfg = Debug|Any CPU
		{AA1FBE29-70B5-4CDE-8432-FEA64B338941}.Debug|Any CPU.Build.0 = Debug|Any CPU
		{AA1FBE29-70B5-4CDE-8432-FEA64B338941}.Release|Any CPU.ActiveCfg = Release|Any CPU
		{AA1FBE29-70B5-4CDE-8432-FEA64B338941}.Release|Any CPU.Build.0 = Release|Any CPU
	EndGlobalSection
	GlobalSection(SolutionProperties) = preSolution
		HideSolutionNode = FALSE
	EndGlobalSection
	GlobalSection(ExtensibilityGlobals) = postSolution
		SolutionGuid = {75581CAF-E453-4AA2-814D-5B6E9583D7FB}
	EndGlobalSection
EndGlobal
